<?xml version="1.0" encoding="utf-8"?>
<Project ToolsVersion="4.0" xmlns="http://schemas.microsoft.com/developer/msbuild/2003">
  <ItemGroup>
    <Filter Include="Modelling">
      <UniqueIdentifier>{93995380-89BD-4b04-88EB-625FBE52EBFB}</UniqueIdentifier>
      <Extensions>h;hh;hpp;hxx;hm;inl;inc;xsd</Extensions>
    </Filter>
    <Filter Include="Modelling\Utilities">
      <UniqueIdentifier>{19f22579-1b0d-4ee0-afdf-fea507c12ecb}</UniqueIdentifier>
    </Filter>
    <Filter Include="Modelling\Utilities\Data">
      <UniqueIdentifier>{f43914e5-fd4c-4d6a-9751-c129ccefb048}</UniqueIdentifier>
    </Filter>
    <Filter Include="Modelling\Utilities\Data\Database">
      <UniqueIdentifier>{66070be2-21b6-4740-b70a-c27838bce15d}</UniqueIdentifier>
    </Filter>
    <Filter Include="global">
      <UniqueIdentifier>{a20c84c8-d01b-44cb-a132-b279fe71769c}</UniqueIdentifier>
    </Filter>
    <Filter Include="Implementation">
      <UniqueIdentifier>{4FC737F1-C7A5-4376-A066-2A32D752A2FF}</UniqueIdentifier>
      <Extensions>cpp;c;cc;cxx;def;odl;idl;hpj;bat;asm;asmx</Extensions>
    </Filter>
    <Filter Include="Implementation\Utilities">
      <UniqueIdentifier>{4ede0faa-89cb-4fac-8dc3-139613b89f44}</UniqueIdentifier>
    </Filter>
    <Filter Include="Implementation\Utilities\Data">
      <UniqueIdentifier>{eb1e8e68-a052-4c30-b216-7f1630a3e243}</UniqueIdentifier>
    </Filter>
    <Filter Include="Implementation\Trade">
      <UniqueIdentifier>{de82abe2-22c4-40b2-9958-81579d5ebdb7}</UniqueIdentifier>
    </Filter>
    <Filter Include="Implementation\Trade\Order">
      <UniqueIdentifier>{5ddfd62b-51d9-47ca-9a2b-fa83173d1f53}</UniqueIdentifier>
    </Filter>
    <Filter Include="Implementation\Trade\Quote">
      <UniqueIdentifier>{88e4d82f-fce0-4370-b29d-e43c7128f980}</UniqueIdentifier>
    </Filter>
    <Filter Include="Implementation\Trade\OrderManager">
      <UniqueIdentifier>{163ba573-0575-493d-a698-75bfcf657d21}</UniqueIdentifier>
    </Filter>
    <Filter Include="Implementation\Trade\AccountManager">
      <UniqueIdentifier>{71dc08a4-1196-4f23-b909-2a378999534b}</UniqueIdentifier>
    </Filter>
    <Filter Include="Implementation\Trade\Shared">
      <UniqueIdentifier>{a6ed73d9-94bc-4de2-8b94-561fa6521c49}</UniqueIdentifier>
    </Filter>
    <Filter Include="Modelling\Trade">
      <UniqueIdentifier>{98fd8acd-542f-4034-89d4-f9aa067d8c8f}</UniqueIdentifier>
    </Filter>
    <Filter Include="Modelling\Trade\AccountManager">
      <UniqueIdentifier>{e58280de-f701-4309-b779-db63d9a477ac}</UniqueIdentifier>
    </Filter>
    <Filter Include="Modelling\Trade\Order">
      <UniqueIdentifier>{f7093ccb-758b-416c-9e45-3477b4063a76}</UniqueIdentifier>
    </Filter>
    <Filter Include="Modelling\Trade\OrderManager">
      <UniqueIdentifier>{e14abddc-f881-484c-9a96-8327a8b76741}</UniqueIdentifier>
    </Filter>
    <Filter Include="Modelling\Trade\Quote">
      <UniqueIdentifier>{eccf91f4-bde2-42ae-8768-7c7bcc040a37}</UniqueIdentifier>
    </Filter>
    <Filter Include="Modelling\Tickache">
      <UniqueIdentifier>{bff0de2e-2bad-40ec-9fa7-5055aa74ff0b}</UniqueIdentifier>
    </Filter>
    <Filter Include="Implementation\Tickache">
      <UniqueIdentifier>{26c59ce2-9e27-4746-ac22-23ffb5bfaf89}</UniqueIdentifier>
    </Filter>
    <Filter Include="Modelling\Trade\Quote\QuoteForTrade">
      <UniqueIdentifier>{66842cbf-5e46-4f6b-b843-1dcd43b2538b}</UniqueIdentifier>
    </Filter>
    <Filter Include="Modelling\Trade\Quote\QuoteForSignal">
      <UniqueIdentifier>{d76cd10c-22fd-436f-bdbc-a159779bd355}</UniqueIdentifier>
    </Filter>
    <Filter Include="Modelling\Trade\Quote\QuoteForCache">
      <UniqueIdentifier>{901db741-3e39-43e9-bcf5-7383e139455d}</UniqueIdentifier>
    </Filter>
    <Filter Include="Implementation\Trade\Quote\QuoteForTrade">
      <UniqueIdentifier>{145de8f5-ec45-4307-8556-018b6dc1461e}</UniqueIdentifier>
    </Filter>
    <Filter Include="Implementation\Trade\Quote\QuoteForCache">
      <UniqueIdentifier>{600369ca-4633-4284-9d87-92b6e1dab418}</UniqueIdentifier>
    </Filter>
    <Filter Include="Implementation\NetWork">
      <UniqueIdentifier>{2680b6ff-5d44-4ecb-bccf-357e79431993}</UniqueIdentifier>
    </Filter>
    <Filter Include="Modelling\NetWork">
      <UniqueIdentifier>{9ac40980-0f0e-4ade-b667-af5a7f081372}</UniqueIdentifier>
    </Filter>
    <Filter Include="Implementation\NetWork\DDNS">
      <UniqueIdentifier>{14c7d7be-0869-400a-8c0d-cf072693c6f4}</UniqueIdentifier>
    </Filter>
    <Filter Include="Implementation\NetWork\Socket">
      <UniqueIdentifier>{2136f242-2a38-41da-a862-43cb5a8b8549}</UniqueIdentifier>
    </Filter>
    <Filter Include="Modelling\NetWork\DDNS">
      <UniqueIdentifier>{7dfb70d0-ad0b-4db7-88b0-9b4fc5c5898f}</UniqueIdentifier>
    </Filter>
    <Filter Include="Modelling\NetWork\Socket">
      <UniqueIdentifier>{20bafa49-97f7-45ae-b3a7-f9cdbb6675fe}</UniqueIdentifier>
    </Filter>
    <Filter Include="Modelling\NetWork\Self-governed Network">
      <UniqueIdentifier>{9caa0a0d-a42f-4ad1-bb8a-e40d99d9fae0}</UniqueIdentifier>
    </Filter>
    <Filter Include="Implementation\NetWork\Self-governed Network">
      <UniqueIdentifier>{d96e6e80-e1cd-4536-b70b-2d1d29c2070a}</UniqueIdentifier>
    </Filter>
    <Filter Include="Modelling\Graphics">
      <UniqueIdentifier>{8ce64f00-5dd6-42ee-b9c4-c08256e55cc7}</UniqueIdentifier>
    </Filter>
    <Filter Include="Modelling\Graphics\UI">
      <UniqueIdentifier>{ee1a9ff4-1d9a-4fca-9d89-08e47271a272}</UniqueIdentifier>
    </Filter>
    <Filter Include="Modelling\Graphics\UI\Controls">
      <UniqueIdentifier>{6af3d69a-9619-4071-b3fd-fbbb493db0e8}</UniqueIdentifier>
    </Filter>
    <Filter Include="Implementation\Graphics">
      <UniqueIdentifier>{674f7b9d-b61e-44d7-bf18-5451e9d3739d}</UniqueIdentifier>
    </Filter>
    <Filter Include="Implementation\Graphics\UI">
      <UniqueIdentifier>{aae4e193-684e-4a0a-9beb-59dec3eb9d07}</UniqueIdentifier>
    </Filter>
    <Filter Include="Modelling\FightUntilWin">
      <UniqueIdentifier>{90d59efb-62a0-47ae-a43c-15bccf1c5617}</UniqueIdentifier>
    </Filter>
    <Filter Include="Modelling\Algo">
      <UniqueIdentifier>{388f127a-f344-45f4-a2d6-fceb07b9abcd}</UniqueIdentifier>
    </Filter>
    <Filter Include="Implementation\Algo">
      <UniqueIdentifier>{8ef0aa23-fac1-4407-b89a-50458069dad2}</UniqueIdentifier>
    </Filter>
    <Filter Include="Implementation\Graphics\Drawing">
      <UniqueIdentifier>{22bdef52-e397-43b7-8177-9802d54db46e}</UniqueIdentifier>
    </Filter>
    <Filter Include="Modelling\Graphics\Drawing">
      <UniqueIdentifier>{baeff091-20d9-4484-a353-1eeec290d824}</UniqueIdentifier>
    </Filter>
    <Filter Include="Modelling\Business">
      <UniqueIdentifier>{89d77c2b-8847-4b47-9643-acb5305e2807}</UniqueIdentifier>
    </Filter>
    <Filter Include="Modelling\Business\Models">
      <UniqueIdentifier>{4a64b739-6ac7-4933-aac4-20c9da89bd81}</UniqueIdentifier>
    </Filter>
    <Filter Include="Modelling\Business\Views">
      <UniqueIdentifier>{d479da77-5271-4694-a72f-e8914024aec8}</UniqueIdentifier>
    </Filter>
    <Filter Include="Implementation\Business">
      <UniqueIdentifier>{d7bf8a34-4ad8-4c5d-8e11-1eaaae089353}</UniqueIdentifier>
    </Filter>
    <Filter Include="Implementation\Business\Models">
      <UniqueIdentifier>{6d52c886-26cc-48f1-9cd8-725b9353942f}</UniqueIdentifier>
    </Filter>
    <Filter Include="Implementation\Business\Views">
      <UniqueIdentifier>{e372d415-fbe4-4f36-a4f2-67477f33660f}</UniqueIdentifier>
    </Filter>
    <Filter Include="Implementation\Business\Modules">
      <UniqueIdentifier>{1ba051fe-f24b-4f87-89f8-5b6acb850110}</UniqueIdentifier>
    </Filter>
    <Filter Include="Modelling\Business\Modules">
      <UniqueIdentifier>{1daab8c8-cdcf-4b01-8dd0-3154142bc5de}</UniqueIdentifier>
    </Filter>
  </ItemGroup>
  <ItemGroup>
    <ClCompile Include="Container.cpp">
      <Filter>Implementation\Utilities</Filter>
    </ClCompile>
    <ClCompile Include="Converter.cpp">
      <Filter>Implementation\Utilities</Filter>
    </ClCompile>
    <ClCompile Include="DateTime.cpp">
      <Filter>Implementation\Utilities</Filter>
    </ClCompile>
    <ClCompile Include="DefaultHandler.cpp">
      <Filter>Implementation\Graphics\UI</Filter>
    </ClCompile>
    <ClCompile Include="FutureAccountManager.cpp">
      <Filter>Implementation\Trade\AccountManager</Filter>
    </ClCompile>
    <ClCompile Include="FileIO.cpp">
      <Filter>Implementation\Utilities</Filter>
    </ClCompile>
    <ClCompile Include="FutureOrderProcessor.cpp">
      <Filter>Implementation\Trade\Order</Filter>
    </ClCompile>
    <ClCompile Include="FutureOrderShooter.cpp">
      <Filter>Implementation\Trade\Order</Filter>
    </ClCompile>
    <ClCompile Include="FutureQuoteFeed.cpp">
      <Filter>Implementation\Trade\Quote</Filter>
    </ClCompile>
    <ClCompile Include="FutureQuoteProcessor.cpp">
      <Filter>Implementation\Trade\Quote</Filter>
    </ClCompile>
    <ClCompile Include="WindowClass.cpp">
      <Filter>Implementation\Graphics\UI</Filter>
    </ClCompile>
    <ClCompile Include="Window.cpp">
      <Filter>Implementation\Graphics\UI</Filter>
    </ClCompile>
    <ClCompile Include="MachineInfo.cpp">
      <Filter>Implementation\Utilities</Filter>
    </ClCompile>
    <ClCompile Include="UIBase.cpp">
      <Filter>Implementation\Graphics\UI</Filter>
    </ClCompile>
    <ClCompile Include="String.cpp">
      <Filter>Implementation\Utilities</Filter>
    </ClCompile>
    <ClCompile Include="OS.cpp">
      <Filter>Implementation\Utilities</Filter>
    </ClCompile>
    <ClCompile Include="MultiThread.cpp">
      <Filter>Implementation\Utilities</Filter>
    </ClCompile>
    <ClCompile Include="ProgressBar.cpp">
      <Filter>Implementation\Utilities</Filter>
    </ClCompile>
    <ClCompile Include="Mutex.cpp">
      <Filter>Implementation\Utilities</Filter>
    </ClCompile>
    <ClCompile Include="FutureOrderManager.cpp">
      <Filter>Implementation\Trade\OrderManager</Filter>
    </ClCompile>
    <ClCompile Include="OrderManager.cpp">
      <Filter>Implementation\Trade\OrderManager</Filter>
    </ClCompile>
    <ClCompile Include="Button.cpp">
      <Filter>Implementation\Graphics\UI</Filter>
    </ClCompile>
    <ClCompile Include="CheckBox.cpp">
      <Filter>Implementation\Graphics\UI</Filter>
    </ClCompile>
    <ClCompile Include="ComboBox.cpp">
      <Filter>Implementation\Graphics\UI</Filter>
    </ClCompile>
    <ClCompile Include="DataGrid.cpp">
      <Filter>Implementation\Graphics\UI</Filter>
    </ClCompile>
    <ClCompile Include="DateTimePicker.cpp">
      <Filter>Implementation\Graphics\UI</Filter>
    </ClCompile>
    <ClCompile Include="Edit.cpp">
      <Filter>Implementation\Graphics\UI</Filter>
    </ClCompile>
    <ClCompile Include="GroupBox.cpp">
      <Filter>Implementation\Graphics\UI</Filter>
    </ClCompile>
    <ClCompile Include="ListBox.cpp">
      <Filter>Implementation\Graphics\UI</Filter>
    </ClCompile>
    <ClCompile Include="RadioButton.cpp">
      <Filter>Implementation\Graphics\UI</Filter>
    </ClCompile>
    <ClCompile Include="ScrollBar.cpp">
      <Filter>Implementation\Graphics\UI</Filter>
    </ClCompile>
    <ClCompile Include="Static.cpp">
      <Filter>Implementation\Graphics\UI</Filter>
    </ClCompile>
    <ClCompile Include="StatusBar.cpp">
      <Filter>Implementation\Graphics\UI</Filter>
    </ClCompile>
    <ClCompile Include="TradeStruct.cpp">
      <Filter>Implementation\Trade</Filter>
    </ClCompile>
    <ClCompile Include="WndChooseAccount.cpp">
      <Filter>Implementation\Business\Views</Filter>
    </ClCompile>
    <ClCompile Include="WndMain.cpp">
      <Filter>Implementation\Business\Views</Filter>
    </ClCompile>
    <ClCompile Include="CTPShared.cpp">
      <Filter>Implementation\Trade\Shared</Filter>
    </ClCompile>
    <ClCompile Include="DataBase.cpp">
      <Filter>Implementation\Utilities\Data</Filter>
    </ClCompile>
    <ClCompile Include="FutureContractDictionaryModel.cpp">
      <Filter>Implementation\Business\Models</Filter>
    </ClCompile>
    <ClCompile Include="FutureCredentialModel.cpp">
      <Filter>Implementation\Business\Models</Filter>
    </ClCompile>
    <ClCompile Include="FutureOrderModel.cpp">
      <Filter>Implementation\Business\Models</Filter>
    </ClCompile>
    <ClCompile Include="Memory.cpp">
      <Filter>Implementation\Business</Filter>
    </ClCompile>
    <ClCompile Include="Tickache.cpp">
      <Filter>Implementation\Tickache</Filter>
    </ClCompile>
    <ClCompile Include="FutureQuoteFeedForTrade.cpp">
      <Filter>Implementation\Trade\Quote\QuoteForTrade</Filter>
    </ClCompile>
    <ClCompile Include="FutureQuoteProcessorForTrade.cpp">
      <Filter>Implementation\Trade\Quote\QuoteForTrade</Filter>
    </ClCompile>
    <ClCompile Include="FutureQuoteFeedForCache.cpp">
      <Filter>Implementation\Trade\Quote\QuoteForCache</Filter>
    </ClCompile>
    <ClCompile Include="FutureQuoteProcessorForCache.cpp">
      <Filter>Implementation\Trade\Quote\QuoteForCache</Filter>
    </ClCompile>
    <ClCompile Include="MachineListModel.cpp">
      <Filter>Implementation\Business\Models</Filter>
    </ClCompile>
    <ClCompile Include="ClientSocket.cpp">
      <Filter>Implementation\NetWork\Socket</Filter>
    </ClCompile>
    <ClCompile Include="ServerSocket.cpp">
      <Filter>Implementation\NetWork\Socket</Filter>
    </ClCompile>
    <ClCompile Include="SocketBase.cpp">
      <Filter>Implementation\NetWork\Socket</Filter>
    </ClCompile>
    <ClCompile Include="NetworkNode.cpp">
      <Filter>Implementation\NetWork\Self-governed Network</Filter>
    </ClCompile>
    <ClCompile Include="ServerRouter.cpp">
      <Filter>Implementation\NetWork\Self-governed Network</Filter>
    </ClCompile>
    <ClCompile Include="TreeView.cpp">
      <Filter>Implementation\Graphics\UI</Filter>
    </ClCompile>
    <ClCompile Include="WndTest.cpp">
      <Filter>Implementation\Business\Views</Filter>
    </ClCompile>
    <ClCompile Include="StockOrderShooter.cpp">
      <Filter>Implementation\Trade\Order</Filter>
    </ClCompile>
    <ClCompile Include="StockPositionModel.cpp">
      <Filter>Implementation\Business\Models</Filter>
    </ClCompile>
    <ClCompile Include="MathUtils.cpp">
      <Filter>Implementation\Algo</Filter>
    </ClCompile>
    <ClCompile Include="ControlBase.cpp">
      <Filter>Implementation\Graphics\UI</Filter>
    </ClCompile>
    <ClCompile Include="Menu.cpp">
      <Filter>Implementation\Graphics\UI</Filter>
    </ClCompile>
    <ClCompile Include="PageManager.cpp">
      <Filter>Implementation\Graphics\UI</Filter>
    </ClCompile>
    <ClCompile Include="Entry.cpp">
      <Filter>global</Filter>
    </ClCompile>
    <ClCompile Include="DataBind.cpp">
      <Filter>Implementation\Graphics</Filter>
    </ClCompile>
    <ClCompile Include="OrderListSync.cpp">
      <Filter>Implementation\Trade</Filter>
    </ClCompile>
    <ClCompile Include="PositionListSync.cpp">
      <Filter>Implementation\Trade</Filter>
    </ClCompile>
    <ClCompile Include="InvestAccountListSync.cpp">
      <Filter>Implementation\Trade</Filter>
    </ClCompile>
    <ClCompile Include="GlobalObject.cpp">
      <Filter>Implementation</Filter>
    </ClCompile>
    <ClCompile Include="DrawBase.cpp">
      <Filter>Implementation\Graphics\Drawing</Filter>
    </ClCompile>
    <ClCompile Include="TradeModule.cpp">
      <Filter>Implementation\Business\Modules</Filter>
    </ClCompile>
  </ItemGroup>
  <ItemGroup>
    <ClInclude Include="Button.h">
      <Filter>Modelling\Graphics\UI\Controls</Filter>
    </ClInclude>
    <ClInclude Include="CheckBox.h">
      <Filter>Modelling\Graphics\UI\Controls</Filter>
    </ClInclude>
    <ClInclude Include="ComboBox.h">
      <Filter>Modelling\Graphics\UI\Controls</Filter>
    </ClInclude>
    <ClInclude Include="DataGrid.h">
      <Filter>Modelling\Graphics\UI\Controls</Filter>
    </ClInclude>
    <ClInclude Include="DataTypeForUI.h">
      <Filter>Modelling\Graphics\UI</Filter>
    </ClInclude>
    <ClInclude Include="DateTimePicker.h">
      <Filter>Modelling\Graphics\UI\Controls</Filter>
    </ClInclude>
    <ClInclude Include="DefaultHandler.h">
      <Filter>Modelling\Graphics\UI</Filter>
    </ClInclude>
    <ClInclude Include="Edit.h">
      <Filter>Modelling\Graphics\UI\Controls</Filter>
    </ClInclude>
    <ClInclude Include="FutureAccountManager.h">
      <Filter>Modelling\Trade\AccountManager</Filter>
    </ClInclude>
    <ClInclude Include="FutureOrderProcessor.h">
      <Filter>Modelling\Trade\Order</Filter>
    </ClInclude>
    <ClInclude Include="FutureOrderShooter.h">
      <Filter>Modelling\Trade\Order</Filter>
    </ClInclude>
    <ClInclude Include="FutureQuoteFeed.h">
      <Filter>Modelling\Trade\Quote</Filter>
    </ClInclude>
    <ClInclude Include="FutureQuoteProcessor.h">
      <Filter>Modelling\Trade\Quote</Filter>
    </ClInclude>
    <ClInclude Include="GroupBox.h">
      <Filter>Modelling\Graphics\UI\Controls</Filter>
    </ClInclude>
    <ClInclude Include="ListBox.h">
      <Filter>Modelling\Graphics\UI\Controls</Filter>
    </ClInclude>
    <ClInclude Include="Order.h">
      <Filter>Modelling\Trade\Order</Filter>
    </ClInclude>
    <ClInclude Include="ProgressBar.h">
      <Filter>Modelling\Graphics\UI\Controls</Filter>
    </ClInclude>
    <ClInclude Include="Quote.h">
      <Filter>Modelling\Trade\Quote</Filter>
    </ClInclude>
    <ClInclude Include="RadioButton.h">
      <Filter>Modelling\Graphics\UI\Controls</Filter>
    </ClInclude>
    <ClInclude Include="ScrollBar.h">
      <Filter>Modelling\Graphics\UI\Controls</Filter>
    </ClInclude>
    <ClInclude Include="Static.h">
      <Filter>Modelling\Graphics\UI\Controls</Filter>
    </ClInclude>
    <ClInclude Include="StatusBar.h">
      <Filter>Modelling\Graphics\UI\Controls</Filter>
    </ClInclude>
    <ClInclude Include="UIBase.h">
      <Filter>Modelling\Graphics\UI</Filter>
    </ClInclude>
    <ClInclude Include="Utilities.h">
      <Filter>Modelling\Utilities</Filter>
    </ClInclude>
    <ClInclude Include="Window.h">
      <Filter>Modelling\Graphics\UI</Filter>
    </ClInclude>
    <ClInclude Include="WindowClass.h">
      <Filter>Modelling\Graphics\UI</Filter>
    </ClInclude>
    <ClInclude Include="AccountManager.h">
      <Filter>Modelling\Trade\AccountManager</Filter>
    </ClInclude>
    <ClInclude Include="OrderManager.h">
      <Filter>Modelling\Trade\OrderManager</Filter>
    </ClInclude>
    <ClInclude Include="FutureOrderManager.h">
      <Filter>Modelling\Trade\OrderManager</Filter>
    </ClInclude>
    <ClInclude Include="WndChooseAccount.h">
      <Filter>Modelling\Business\Views</Filter>
    </ClInclude>
    <ClInclude Include="WndMain.h">
      <Filter>Modelling\Business\Views</Filter>
    </ClInclude>
    <ClInclude Include="DataBase.h">
      <Filter>Modelling\Utilities\Data\Database</Filter>
    </ClInclude>
    <ClInclude Include="SQLite.h">
      <Filter>Modelling\Utilities\Data\Database</Filter>
    </ClInclude>
    <ClInclude Include="preinclude.h">
      <Filter>global</Filter>
    </ClInclude>
    <ClInclude Include="TradeStruct.h">
      <Filter>Modelling\Trade</Filter>
    </ClInclude>
    <ClInclude Include="TradeDataType.h">
      <Filter>Modelling\Trade</Filter>
    </ClInclude>
    <ClInclude Include="GlobalDataType.h">
      <Filter>global</Filter>
    </ClInclude>
    <ClInclude Include="ModelDataType.h">
      <Filter>Modelling\Business\Models</Filter>
    </ClInclude>
    <ClInclude Include="FutureContractDictionaryModel.h">
      <Filter>Modelling\Business\Models</Filter>
    </ClInclude>
    <ClInclude Include="FutureCredentialModel.h">
      <Filter>Modelling\Business\Models</Filter>
    </ClInclude>
    <ClInclude Include="FutureOrderModel.h">
      <Filter>Modelling\Business\Models</Filter>
    </ClInclude>
    <ClInclude Include="FuturePositionModel.h">
      <Filter>Modelling\Business\Models</Filter>
    </ClInclude>
    <ClInclude Include="ClientStruct.h">
      <Filter>Modelling\Business</Filter>
    </ClInclude>
    <ClInclude Include="Memory.h">
      <Filter>Modelling\Business</Filter>
    </ClInclude>
    <ClInclude Include="ClientDataType.h">
      <Filter>Implementation\Business</Filter>
    </ClInclude>
    <ClInclude Include="Tickache.h">
      <Filter>Modelling\Tickache</Filter>
    </ClInclude>
    <ClInclude Include="CTPShared.h">
      <Filter>Modelling\Trade</Filter>
    </ClInclude>
    <ClInclude Include="FutureQuoteFeedForTrade.h">
      <Filter>Modelling\Trade\Quote\QuoteForTrade</Filter>
    </ClInclude>
    <ClInclude Include="FutureQuoteProcessorForTrade.h">
      <Filter>Modelling\Trade\Quote\QuoteForTrade</Filter>
    </ClInclude>
    <ClInclude Include="FutureQuoteFeedForCache.h">
      <Filter>Modelling\Trade\Quote\QuoteForCache</Filter>
    </ClInclude>
    <ClInclude Include="FutureQuoteProcessorForCache.h">
      <Filter>Modelling\Trade\Quote\QuoteForCache</Filter>
    </ClInclude>
    <ClInclude Include="MachineListModel.h">
      <Filter>Modelling\Business\Models</Filter>
    </ClInclude>
    <ClInclude Include="ServerSocket.h">
      <Filter>Modelling\NetWork\Socket</Filter>
    </ClInclude>
    <ClInclude Include="ClientSocket.h">
      <Filter>Modelling\NetWork\Socket</Filter>
    </ClInclude>
    <ClInclude Include="SocketBase.h">
      <Filter>Modelling\NetWork\Socket</Filter>
    </ClInclude>
    <ClInclude Include="NetworkNode.h">
      <Filter>Modelling\NetWork\Self-governed Network</Filter>
    </ClInclude>
    <ClInclude Include="ServerRouter.h">
      <Filter>Modelling\NetWork\Self-governed Network</Filter>
    </ClInclude>
    <ClInclude Include="TreeView.h">
      <Filter>Modelling\Graphics\UI\Controls</Filter>
    </ClInclude>
    <ClInclude Include="ControlBase.h">
      <Filter>Modelling\Graphics\UI</Filter>
    </ClInclude>
    <ClInclude Include="WndTest.h">
      <Filter>Modelling\Business\Views</Filter>
    </ClInclude>
    <ClInclude Include="StockOrderShooter.h">
      <Filter>Modelling\Trade\Order</Filter>
    </ClInclude>
    <ClInclude Include="StockPositionModel.h">
      <Filter>Modelling\Business\Models</Filter>
    </ClInclude>
    <ClInclude Include="MathUtils.h">
      <Filter>Modelling\Algo</Filter>
    </ClInclude>
    <ClInclude Include="PageFightUntilWin.h">
      <Filter>Modelling\Business\Views</Filter>
    </ClInclude>
    <ClInclude Include="Menu.h">
      <Filter>Modelling\Graphics\UI\Controls</Filter>
    </ClInclude>
    <ClInclude Include="PageManager.h">
      <Filter>Modelling\Graphics\UI</Filter>
    </ClInclude>
    <ClInclude Include="DataBind.h">
      <Filter>Modelling\Graphics\UI</Filter>
    </ClInclude>
    <ClInclude Include="PositionListSync.h">
      <Filter>Modelling\Trade</Filter>
    </ClInclude>
    <ClInclude Include="OrderListSync.h">
      <Filter>Modelling\Trade</Filter>
    </ClInclude>
    <ClInclude Include="InvestAccountSync.h">
      <Filter>Modelling\Trade</Filter>
    </ClInclude>
    <ClInclude Include="GlobalObject.h">
      <Filter>Modelling</Filter>
    </ClInclude>
    <ClInclude Include="DrawBase.h">
      <Filter>Modelling\Graphics\Drawing</Filter>
    </ClInclude>
    <ClInclude Include="TradeModule.h">
      <Filter>Modelling\Business\Modules</Filter>
    </ClInclude>
    <ClInclude Include="Module.h">
      <Filter>Modelling\Business\Modules</Filter>
    </ClInclude>
  </ItemGroup>
</Project>